{
  "name": "learn-ajax",
  "version": "1.0.0",
  "lockfileVersion": 2,
  "requires": true,
  "packages": {
    "": {
      "name": "learn-ajax",
      "version": "1.0.0",
      "license": "ISC",
      "dependencies": {
        "faker": "^5.3.1"
      }
    },
    "node_modules/faker": {
      "version": "5.3.1",
      "resolved": "https://registry.npmjs.org/faker/-/faker-5.3.1.tgz",
      "integrity": "sha512-sVdoApX/awJHO9DZHZsHVaJBNFiJW0n3lPs0q/nFxp/Mtya1dr2sCMktST3mdxNMHjkvKTTMAW488E+jH1eSbg=="
    }
  },
  "dependencies": {
    "faker": {
      "version": "5.3.1",
      "resolved": "https://registry.npmjs.org/faker/-/faker-5.3.1.tgz",
      "integrity": "sha512-sVdoApX/awJHO9DZHZsHVaJBNFiJW0n3lPs0q/nFxp/Mtya1dr2sCMktST3mdxNMHjkvKTTMAW488E+jH1eSbg=="
    }
  }
}
